// !$*UTF8*$!
{
	archiveVersion = 1;
	classes = {
	};
	objectVersion = 56;
	objects = {

/* Begin PBXBuildFile section */
		DBD1DAB529907E2100DEF765 /* RickRollMyAppleDeviceApp.swift in Sources */ = {isa = PBXBuildFile; fileRef = DBD1DAB429907E2100DEF765 /* RickRollMyAppleDeviceApp.swift */; };
		DBD1DAB729907E2100DEF765 /* RickRollMyAppleDeviceDocument.swift in Sources */ = {isa = PBXBuildFile; fileRef = DBD1DAB629907E2100DEF765 /* RickRollMyAppleDeviceDocument.swift */; };
		DBD1DAB929907E2100DEF765 /* ContentView.swift in Sources */ = {isa = PBXBuildFile; fileRef = DBD1DAB829907E2100DEF765 /* ContentView.swift */; };
		DBD1DABB29907E2200DEF765 /* Assets.xcassets in Resources */ = {isa = PBXBuildFile; fileRef = DBD1DABA29907E2200DEF765 /* Assets.xcassets */; };
		DBD1DAC029907E2200DEF765 /* Preview Assets.xcassets in Resources */ = {isa = PBXBuildFile; fileRef = DBD1DABF29907E2200DEF765 /* Preview Assets.xcassets */; };
		DBD1DACA29907E2300DEF765 /* RickRollMyAppleDeviceTests.swift in Sources */ = {isa = PBXBuildFile; fileRef = DBD1DAC929907E2300DEF765 /* RickRollMyAppleDeviceTests.swift */; };
		DBD1DAD429907E2300DEF765 /* RickRollMyAppleDeviceUITests.swift in Sources */ = {isa = PBXBuildFile; fileRef = DBD1DAD329907E2300DEF765 /* RickRollMyAppleDeviceUITests.swift */; };
		DBD1DAD629907E2300DEF765 /* RickRollMyAppleDeviceUITestsLaunchTests.swift in Sources */ = {isa = PBXBuildFile; fileRef = DBD1DAD529907E2300DEF765 /* RickRollMyAppleDeviceUITestsLaunchTests.swift */; };
/* End PBXBuildFile section */

/* Begin PBXContainerItemProxy section */
		DBD1DAC629907E2300DEF765 /* PBXContainerItemProxy */ = {
			isa = PBXContainerItemProxy;
			containerPortal = DBD1DAA929907E2100DEF765 /* Project object */;
			proxyType = 1;
			remoteGlobalIDString = DBD1DAB029907E2100DEF765;
			remoteInfo = RickRollMyAppleDevice;
		};
		DBD1DAD029907E2300DEF765 /* PBXContainerItemProxy */ = {
			isa = PBXContainerItemProxy;
			containerPortal = DBD1DAA929907E2100DEF765 /* Project object */;
			proxyType = 1;
			remoteGlobalIDString = DBD1DAB029907E2100DEF765;
			remoteInfo = RickRollMyAppleDevice;
		};
/* End PBXContainerItemProxy section */

/* Begin PBXFileReference section */
		DBD1DAB129907E2100DEF765 /* RickRollMyAppleDevice.app */ = {isa = PBXFileReference; explicitFileType = wrapper.application; includeInIndex = 0; path = RickRollMyAppleDevice.app; sourceTree = BUILT_PRODUCTS_DIR; };
		DBD1DAB429907E2100DEF765 /* RickRollMyAppleDeviceApp.swift */ = {isa = PBXFileReference; lastKnownFileType = sourcecode.swift; path = RickRollMyAppleDeviceApp.swift; sourceTree = "<group>"; };
		DBD1DAB629907E2100DEF765 /* RickRollMyAppleDeviceDocument.swift */ = {isa = PBXFileReference; lastKnownFileType = sourcecode.swift; path = RickRollMyAppleDeviceDocument.swift; sourceTree = "<group>"; };
		DBD1DAB829907E2100DEF765 /* ContentView.swift */ = {isa = PBXFileReference; lastKnownFileType = sourcecode.swift; path = ContentView.swift; sourceTree = "<group>"; };
		DBD1DABA29907E2200DEF765 /* Assets.xcassets */ = {isa = PBXFileReference; lastKnownFileType = folder.assetcatalog; path = Assets.xcassets; sourceTree = "<group>"; };
		DBD1DABC29907E2200DEF765 /* Info.plist */ = {isa = PBXFileReference; lastKnownFileType = text.plist.xml; path = Info.plist; sourceTree = "<group>"; };
		DBD1DABD29907E2200DEF765 /* RickRollMyAppleDevice.entitlements */ = {isa = PBXFileReference; lastKnownFileType = text.plist.entitlements; path = RickRollMyAppleDevice.entitlements; sourceTree = "<group>"; };
		DBD1DABF29907E2200DEF765 /* Preview Assets.xcassets */ = {isa = PBXFileReference; lastKnownFileType = folder.assetcatalog; path = "Preview Assets.xcassets"; sourceTree = "<group>"; };
		DBD1DAC529907E2300DEF765 /* RickRollMyAppleDeviceTests.xctest */ = {isa = PBXFileReference; explicitFileType = wrapper.cfbundle; includeInIndex = 0; path = RickRollMyAppleDeviceTests.xctest; sourceTree = BUILT_PRODUCTS_DIR; };
		DBD1DAC929907E2300DEF765 /* RickRollMyAppleDeviceTests.swift */ = {isa = PBXFileReference; lastKnownFileType = sourcecode.swift; path = RickRollMyAppleDeviceTests.swift; sourceTree = "<group>"; };
		DBD1DACF29907E2300DEF765 /* RickRollMyAppleDeviceUITests.xctest */ = {isa = PBXFileReference; explicitFileType = wrapper.cfbundle; includeInIndex = 0; path = RickRollMyAppleDeviceUITests.xctest; sourceTree = BUILT_PRODUCTS_DIR; };
		DBD1DAD329907E2300DEF765 /* RickRollMyAppleDeviceUITests.swift */ = {isa = PBXFileReference; lastKnownFileType = sourcecode.swift; path = RickRollMyAppleDeviceUITests.swift; sourceTree = "<group>"; };
		DBD1DAD529907E2300DEF765 /* RickRollMyAppleDeviceUITestsLaunchTests.swift */ = {isa = PBXFileReference; lastKnownFileType = sourcecode.swift; path = RickRollMyAppleDeviceUITestsLaunchTests.swift; sourceTree = "<group>"; };
/* End PBXFileReference section */

/* Begin PBXFrameworksBuildPhase section */
		DBD1DAAE29907E2100DEF765 /* Frameworks */ = {
			isa = PBXFrameworksBuildPhase;
			buildActionMask = 2147483647;
			files = (
			);
			runOnlyForDeploymentPostprocessing = 0;
		};
		DBD1DAC229907E2300DEF765 /* Frameworks */ = {
			isa = PBXFrameworksBuildPhase;
			buildActionMask = 2147483647;
			files = (
			);
			runOnlyForDeploymentPostprocessing = 0;
		};
		DBD1DACC29907E2300DEF765 /* Frameworks */ = {
			isa = PBXFrameworksBuildPhase;
			buildActionMask = 2147483647;
			files = (
			);
			runOnlyForDeploymentPostprocessing = 0;
		};
/* End PBXFrameworksBuildPhase section */

/* Begin PBXGroup section */
		DBD1DAA829907E2100DEF765 = {
			isa = PBXGroup;
			children = (
				DBD1DAB329907E2100DEF765 /* RickRollMyAppleDevice */,
				DBD1DAC829907E2300DEF765 /* RickRollMyAppleDeviceTests */,
				DBD1DAD229907E2300DEF765 /* RickRollMyAppleDeviceUITests */,
				DBD1DAB229907E2100DEF765 /* Products */,
			);
			sourceTree = "<group>";
		};
		DBD1DAB229907E2100DEF765 /* Products */ = {
			isa = PBXGroup;
			children = (
				DBD1DAB129907E2100DEF765 /* RickRollMyAppleDevice.app */,
				DBD1DAC529907E2300DEF765 /* RickRollMyAppleDeviceTests.xctest */,
				DBD1DACF29907E2300DEF765 /* RickRollMyAppleDeviceUITests.xctest */,
			);
			name = Products;
			sourceTree = "<group>";
		};
		DBD1DAB329907E2100DEF765 /* RickRollMyAppleDevice */ = {
			isa = PBXGroup;
			children = (
				DBD1DAB429907E2100DEF765 /* RickRollMyAppleDeviceApp.swift */,
				DBD1DAB629907E2100DEF765 /* RickRollMyAppleDeviceDocument.swift */,
				DBD1DAB829907E2100DEF765 /* ContentView.swift */,
				DBD1DABA29907E2200DEF765 /* Assets.xcassets */,
				DBD1DABC29907E2200DEF765 /* Info.plist */,
				DBD1DABD29907E2200DEF765 /* RickRollMyAppleDevice.entitlements */,
				DBD1DABE29907E2200DEF765 /* Preview Content */,
			);
			path = RickRollMyAppleDevice;
			sourceTree = "<group>";
		};
		DBD1DABE29907E2200DEF765 /* Preview Content */ = {
			isa = PBXGroup;
			children = (
				DBD1DABF29907E2200DEF765 /* Preview Assets.xcassets */,
			);
			path = "Preview Content";
			sourceTree = "<group>";
		};
		DBD1DAC829907E2300DEF765 /* RickRollMyAppleDeviceTests */ = {
			isa = PBXGroup;
			children = (
				DBD1DAC929907E2300DEF765 /* RickRollMyAppleDeviceTests.swift */,
			);
			path = RickRollMyAppleDeviceTests;
			sourceTree = "<group>";
		};
		DBD1DAD229907E2300DEF765 /* RickRollMyAppleDeviceUITests */ = {
			isa = PBXGroup;
			children = (
				DBD1DAD329907E2300DEF765 /* RickRollMyAppleDeviceUITests.swift */,
				DBD1DAD529907E2300DEF765 /* RickRollMyAppleDeviceUITestsLaunchTests.swift */,
			);
			path = RickRollMyAppleDeviceUITests;
			sourceTree = "<group>";
		};
/* End PBXGroup section */

/* Begin PBXNativeTarget section */
		DBD1DAB029907E2100DEF765 /* RickRollMyAppleDevice */ = {
			isa = PBXNativeTarget;
			buildConfigurationList = DBD1DAD929907E2300DEF765 /* Build configuration list for PBXNativeTarget "RickRollMyAppleDevice" */;
			buildPhases = (
				DBD1DAAD29907E2100DEF765 /* Sources */,
				DBD1DAAE29907E2100DEF765 /* Frameworks */,
				DBD1DAAF29907E2100DEF765 /* Resources */,
			);
			buildRules = (
			);
			dependencies = (
			);
			name = RickRollMyAppleDevice;
			productName = RickRollMyAppleDevice;
			productReference = DBD1DAB129907E2100DEF765 /* RickRollMyAppleDevice.app */;
			productType = "com.apple.product-type.application";
		};
		DBD1DAC429907E2300DEF765 /* RickRollMyAppleDeviceTests */ = {
			isa = PBXNativeTarget;
			buildConfigurationList = DBD1DADC29907E2300DEF765 /* Build configuration list for PBXNativeTarget "RickRollMyAppleDeviceTests" */;
			buildPhases = (
				DBD1DAC129907E2300DEF765 /* Sources */,
				DBD1DAC229907E2300DEF765 /* Frameworks */,
				DBD1DAC329907E2300DEF765 /* Resources */,
			);
			buildRules = (
			);
			dependencies = (
				DBD1DAC729907E2300DEF765 /* PBXTargetDependency */,
			);
			name = RickRollMyAppleDeviceTests;
			productName = RickRollMyAppleDeviceTests;
			productReference = DBD1DAC529907E2300DEF765 /* RickRollMyAppleDeviceTests.xctest */;
			productType = "com.apple.product-type.bundle.unit-test";
		};
		DBD1DACE29907E2300DEF765 /* RickRollMyAppleDeviceUITests */ = {
			isa = PBXNativeTarget;
			buildConfigurationList = DBD1DADF29907E2300DEF765 /* Build configuration list for PBXNativeTarget "RickRollMyAppleDeviceUITests" */;
			buildPhases = (
				DBD1DACB29907E2300DEF765 /* Sources */,
				DBD1DACC29907E2300DEF765 /* Frameworks */,
				DBD1DACD29907E2300DEF765 /* Resources */,
			);
			buildRules = (
			);
			dependencies = (
				DBD1DAD129907E2300DEF765 /* PBXTargetDependency */,
			);
			name = RickRollMyAppleDeviceUITests;
			productName = RickRollMyAppleDeviceUITests;
			productReference = DBD1DACF29907E2300DEF765 /* RickRollMyAppleDeviceUITests.xctest */;
			productType = "com.apple.product-type.bundle.ui-testing";
		};
/* End PBXNativeTarget section */

/* Begin PBXProject section */
		DBD1DAA929907E2100DEF765 /* Project object */ = {
			isa = PBXProject;
			attributes = {
				BuildIndependentTargetsInParallel = 1;
				LastSwiftUpdateCheck = 1420;
				LastUpgradeCheck = 1420;
				TargetAttributes = {
					DBD1DAB029907E2100DEF765 = {
						CreatedOnToolsVersion = 14.2;
					};
					DBD1DAC429907E2300DEF765 = {
						CreatedOnToolsVersion = 14.2;
						TestTargetID = DBD1DAB029907E2100DEF765;
					};
					DBD1DACE29907E2300DEF765 = {
						CreatedOnToolsVersion = 14.2;
						TestTargetID = DBD1DAB029907E2100DEF765;
					};
				};
			};
			buildConfigurationList = DBD1DAAC29907E2100DEF765 /* Build configuration list for PBXProject "RickRollMyAppleDevice" */;
			compatibilityVersion = "Xcode 14.0";
			developmentRegion = en;
			hasScannedForEncodings = 0;
			knownRegions = (
				en,
				Base,
			);
			mainGroup = DBD1DAA829907E2100DEF765;
			productRefGroup = DBD1DAB229907E2100DEF765 /* Products */;
			projectDirPath = "";
			projectRoot = "";
			targets = (
				DBD1DAB029907E2100DEF765 /* RickRollMyAppleDevice */,
				DBD1DAC429907E2300DEF765 /* RickRollMyAppleDeviceTests */,
				DBD1DACE29907E2300DEF765 /* RickRollMyAppleDeviceUITests */,
			);
		};
/* End PBXProject section */

/* Begin PBXResourcesBuildPhase section */
		DBD1DAAF29907E2100DEF765 /* Resources */ = {
			isa = PBXResourcesBuildPhase;
			buildActionMask = 2147483647;
			files = (
				DBD1DAC029907E2200DEF765 /* Preview Assets.xcassets in Resources */,
				DBD1DABB29907E2200DEF765 /* Assets.xcassets in Resources */,
			);
			runOnlyForDeploymentPostprocessing = 0;
		};
		DBD1DAC329907E2300DEF765 /* Resources */ = {
			isa = PBXResourcesBuildPhase;
			buildActionMask = 2147483647;
			files = (
			);
			runOnlyForDeploymentPostprocessing = 0;
		};
		DBD1DACD29907E2300DEF765 /* Resources */ = {
			isa = PBXResourcesBuildPhase;
			buildActionMask = 2147483647;
			files = (
			);
			runOnlyForDeploymentPostprocessing = 0;
		};
/* End PBXResourcesBuildPhase section */

/* Begin PBXSourcesBuildPhase section */
		DBD1DAAD29907E2100DEF765 /* Sources */ = {
			isa = PBXSourcesBuildPhase;
			buildActionMask = 2147483647;
			files = (
				DBD1DAB529907E2100DEF765 /* RickRollMyAppleDeviceApp.swift in Sources */,
				DBD1DAB729907E2100DEF765 /* RickRollMyAppleDeviceDocument.swift in Sources */,
				DBD1DAB929907E2100DEF765 /* ContentView.swift in Sources */,
			);
			runOnlyForDeploymentPostprocessing = 0;
		};
		DBD1DAC129907E2300DEF765 /* Sources */ = {
			isa = PBXSourcesBuildPhase;
			buildActionMask = 2147483647;
			files = (
				DBD1DACA29907E2300DEF765 /* RickRollMyAppleDeviceTests.swift in Sources */,
			);
			runOnlyForDeploymentPostprocessing = 0;
		};
		DBD1DACB29907E2300DEF765 /* Sources */ = {
			isa = PBXSourcesBuildPhase;
			buildActionMask = 2147483647;
			files = (
				DBD1DAD429907E2300DEF765 /* RickRollMyAppleDeviceUITests.swift in Sources */,
				DBD1DAD629907E2300DEF765 /* RickRollMyAppleDeviceUITestsLaunchTests.swift in Sources */,
			);
			runOnlyForDeploymentPostprocessing = 0;
		};
/* End PBXSourcesBuildPhase section */

/* Begin PBXTargetDependency section */
		DBD1DAC729907E2300DEF765 /* PBXTargetDependency */ = {
			isa = PBXTargetDependency;
			target = DBD1DAB029907E2100DEF765 /* RickRollMyAppleDevice */;
			targetProxy = DBD1DAC629907E2300DEF765 /* PBXContainerItemProxy */;
		};
		DBD1DAD129907E2300DEF765 /* PBXTargetDependency */ = {
			isa = PBXTargetDependency;
			target = DBD1DAB029907E2100DEF765 /* RickRollMyAppleDevice */;
			targetProxy = DBD1DAD029907E2300DEF765 /* PBXContainerItemProxy */;
		};
/* End PBXTargetDependency section */

/* Begin XCBuildConfiguration section */
		DBD1DAD729907E2300DEF765 /* Debug */ = {
			isa = XCBuildConfiguration;
			buildSettings = {
				ALWAYS_SEARCH_USER_PATHS = NO;
				CLANG_ANALYZER_NONNULL = YES;
				CLANG_ANALYZER_NUMBER_OBJECT_CONVERSION = YES_AGGRESSIVE;
				CLANG_CXX_LANGUAGE_STANDARD = "gnu++20";
				CLANG_ENABLE_MODULES = YES;
				CLANG_ENABLE_OBJC_ARC = YES;
				CLANG_ENABLE_OBJC_WEAK = YES;
				CLANG_WARN_BLOCK_CAPTURE_AUTORELEASING = YES;
				CLANG_WARN_BOOL_CONVERSION = YES;
				CLANG_WARN_COMMA = YES;
				CLANG_WARN_CONSTANT_CONVERSION = YES;
				CLANG_WARN_DEPRECATED_OBJC_IMPLEMENTATIONS = YES;
				CLANG_WARN_DIRECT_OBJC_ISA_USAGE = YES_ERROR;
				CLANG_WARN_DOCUMENTATION_COMMENTS = YES;
				CLANG_WARN_EMPTY_BODY = YES;
				CLANG_WARN_ENUM_CONVERSION = YES;
				CLANG_WARN_INFINITE_RECURSION = YES;
				CLANG_WARN_INT_CONVERSION = YES;
				CLANG_WARN_NON_LITERAL_NULL_CONVERSION = YES;
				CLANG_WARN_OBJC_IMPLICIT_RETAIN_SELF = YES;
				CLANG_WARN_OBJC_LITERAL_CONVERSION = YES;
				CLANG_WARN_OBJC_ROOT_CLASS = YES_ERROR;
				CLANG_WARN_QUOTED_INCLUDE_IN_FRAMEWORK_HEADER = YES;
				CLANG_WARN_RANGE_LOOP_ANALYSIS = YES;
				CLANG_WARN_STRICT_PROTOTYPES = YES;
				CLANG_WARN_SUSPICIOUS_MOVE = YES;
				CLANG_WARN_UNGUARDED_AVAILABILITY = YES_AGGRESSIVE;
				CLANG_WARN_UNREACHABLE_CODE = YES;
				CLANG_WARN__DUPLICATE_METHOD_MATCH = YES;
				COPY_PHASE_STRIP = NO;
				DEBUG_INFORMATION_FORMAT = dwarf;
				ENABLE_STRICT_OBJC_MSGSEND = YES;
				ENABLE_TESTABILITY = YES;
				GCC_C_LANGUAGE_STANDARD = gnu11;
				GCC_DYNAMIC_NO_PIC = NO;
				GCC_NO_COMMON_BLOCKS = YES;
				GCC_OPTIMIZATION_LEVEL = 0;
				GCC_PREPROCESSOR_DEFINITIONS = (
					"DEBUG=1",
					"$(inherited)",
				);
				GCC_WARN_64_TO_32_BIT_CONVERSION = YES;
				GCC_WARN_ABOUT_RETURN_TYPE = YES_ERROR;
				GCC_WARN_UNDECLARED_SELECTOR = YES;
				GCC_WARN_UNINITIALIZED_AUTOS = YES_AGGRESSIVE;
				GCC_WARN_UNUSED_FUNCTION = YES;
				GCC_WARN_UNUSED_VARIABLE = YES;
				MTL_ENABLE_DEBUG_INFO = INCLUDE_SOURCE;
				MTL_FAST_MATH = YES;
				ONLY_ACTIVE_ARCH = YES;
				SWIFT_ACTIVE_COMPILATION_CONDITIONS = DEBUG;
				SWIFT_OPTIMIZATION_LEVEL = "-Onone";
			};
			name = Debug;
		};
		DBD1DAD829907E2300DEF765 /* Release */ = {
			isa = XCBuildConfiguration;
			buildSettings = {
				ALWAYS_SEARCH_USER_PATHS = NO;
				CLANG_ANALYZER_NONNULL = YES;
				CLANG_ANALYZER_NUMBER_OBJECT_CONVERSION = YES_AGGRESSIVE;
				CLANG_CXX_LANGUAGE_STANDARD = "gnu++20";
				CLANG_ENABLE_MODULES = YES;
				CLANG_ENABLE_OBJC_ARC = YES;
				CLANG_ENABLE_OBJC_WEAK = YES;
				CLANG_WARN_BLOCK_CAPTURE_AUTORELEASING = YES;
				CLANG_WARN_BOOL_CONVERSION = YES;
				CLANG_WARN_COMMA = YES;
				CLANG_WARN_CONSTANT_CONVERSION = YES;
				CLANG_WARN_DEPRECATED_OBJC_IMPLEMENTATIONS = YES;
				CLANG_WARN_DIRECT_OBJC_ISA_USAGE = YES_ERROR;
				CLANG_WARN_DOCUMENTATION_COMMENTS = YES;
				CLANG_WARN_EMPTY_BODY = YES;
				CLANG_WARN_ENUM_CONVERSION = YES;
				CLANG_WARN_INFINITE_RECURSION = YES;
				CLANG_WARN_INT_CONVERSION = YES;
				CLANG_WARN_NON_LITERAL_NULL_CONVERSION = YES;
				CLANG_WARN_OBJC_IMPLICIT_RETAIN_SELF = YES;
				CLANG_WARN_OBJC_LITERAL_CONVERSION = YES;
				CLANG_WARN_OBJC_ROOT_CLASS = YES_ERROR;
				CLANG_WARN_QUOTED_INCLUDE_IN_FRAMEWORK_HEADER = YES;
				CLANG_WARN_RANGE_LOOP_ANALYSIS = YES;
				CLANG_WARN_STRICT_PROTOTYPES = YES;
				CLANG_WARN_SUSPICIOUS_MOVE = YES;
				CLANG_WARN_UNGUARDED_AVAILABILITY = YES_AGGRESSIVE;
				CLANG_WARN_UNREACHABLE_CODE = YES;
				CLANG_WARN__DUPLICATE_METHOD_MATCH = YES;
				COPY_PHASE_STRIP = NO;
				DEBUG_INFORMATION_FORMAT = "dwarf-with-dsym";
				ENABLE_NS_ASSERTIONS = NO;
				ENABLE_STRICT_OBJC_MSGSEND = YES;
				GCC_C_LANGUAGE_STANDARD = gnu11;
				GCC_NO_COMMON_BLOCKS = YES;
				GCC_WARN_64_TO_32_BIT_CONVERSION = YES;
				GCC_WARN_ABOUT_RETURN_TYPE = YES_ERROR;
				GCC_WARN_UNDECLARED_SELECTOR = YES;
				GCC_WARN_UNINITIALIZED_AUTOS = YES_AGGRESSIVE;
				GCC_WARN_UNUSED_FUNCTION = YES;
				GCC_WARN_UNUSED_VARIABLE = YES;
				MTL_ENABLE_DEBUG_INFO = NO;
				MTL_FAST_MATH = YES;
				SWIFT_COMPILATION_MODE = wholemodule;
				SWIFT_OPTIMIZATION_LEVEL = "-O";
			};
			name = Release;
		};
		DBD1DADA29907E2300DEF765 /* Debug */ = {
			isa = XCBuildConfiguration;
			buildSettings = {
				ASSETCATALOG_COMPILER_APPICON_NAME = AppIcon;
				ASSETCATALOG_COMPILER_GLOBAL_ACCENT_COLOR_NAME = AccentColor;
				CODE_SIGN_ENTITLEMENTS = RickRollMyAppleDevice/RickRollMyAppleDevice.entitlements;
				CODE_SIGN_STYLE = Automatic;
				CURRENT_PROJECT_VERSION = 1;
				DEVELOPMENT_ASSET_PATHS = "\"RickRollMyAppleDevice/Preview Content\"";
				DEVELOPMENT_TEAM = M5WVW3LAB8;
				ENABLE_HARDENED_RUNTIME = YES;
				ENABLE_PREVIEWS = YES;
				GENERATE_INFOPLIST_FILE = YES;
				INFOPLIST_FILE = RickRollMyAppleDevice/Info.plist;
				"INFOPLIST_KEY_UIApplicationSceneManifest_Generation[sdk=iphoneos*]" = YES;
				"INFOPLIST_KEY_UIApplicationSceneManifest_Generation[sdk=iphonesimulator*]" = YES;
				"INFOPLIST_KEY_UIApplicationSupportsIndirectInputEvents[sdk=iphoneos*]" = YES;
				"INFOPLIST_KEY_UIApplicationSupportsIndirectInputEvents[sdk=iphonesimulator*]" = YES;
				"INFOPLIST_KEY_UILaunchScreen_Generation[sdk=iphoneos*]" = YES;
				"INFOPLIST_KEY_UILaunchScreen_Generation[sdk=iphonesimulator*]" = YES;
				"INFOPLIST_KEY_UIStatusBarStyle[sdk=iphoneos*]" = UIStatusBarStyleDefault;
				"INFOPLIST_KEY_UIStatusBarStyle[sdk=iphonesimulator*]" = UIStatusBarStyleDefault;
				INFOPLIST_KEY_UISupportedInterfaceOrientations_iPad = "UIInterfaceOrientationPortrait UIInterfaceOrientationPortraitUpsideDown UIInterfaceOrientationLandscapeLeft UIInterfaceOrientationLandscapeRight";
				INFOPLIST_KEY_UISupportedInterfaceOrientations_iPhone = "UIInterfaceOrientationPortrait UIInterfaceOrientationLandscapeLeft UIInterfaceOrientationLandscapeRight";
				"INFOPLIST_KEY_UISupportsDocumentBrowser[sdk=iphoneos*]" = YES;
				"INFOPLIST_KEY_UISupportsDocumentBrowser[sdk=iphonesimulator*]" = YES;
				IPHONEOS_DEPLOYMENT_TARGET = 14.0;
				LD_RUNPATH_SEARCH_PATHS = "@executable_path/Frameworks";
				"LD_RUNPATH_SEARCH_PATHS[sdk=macosx*]" = "@executable_path/../Frameworks";
				MACOSX_DEPLOYMENT_TARGET = 11.0;
				MARKETING_VERSION = 1.0;
				PRODUCT_BUNDLE_IDENTIFIER = com.gm4011.RickRollMyAppleDevice;
				PRODUCT_NAME = "$(TARGET_NAME)";
				SDKROOT = auto;
				SUPPORTED_PLATFORMS = "appletvos appletvsimulator iphoneos iphonesimulator macosx";
				SUPPORTS_MACCATALYST = NO;
				SUPPORTS_MAC_DESIGNED_FOR_IPHONE_IPAD = NO;
				SWIFT_EMIT_LOC_STRINGS = YES;
				SWIFT_VERSION = 5.0;
				TARGETED_DEVICE_FAMILY = "1,2,3";
				TVOS_DEPLOYMENT_TARGET = 14.0;
			};
			name = Debug;
		};
		DBD1DADB29907E2300DEF765 /* Release */ = {
			isa = XCBuildConfiguration;
			buildSettings = {
				ASSETCATALOG_COMPILER_APPICON_NAME = AppIcon;
				ASSETCATALOG_COMPILER_GLOBAL_ACCENT_COLOR_NAME = AccentColor;
				CODE_SIGN_ENTITLEMENTS = RickRollMyAppleDevice/RickRollMyAppleDevice.entitlements;
				CODE_SIGN_STYLE = Automatic;
				CURRENT_PROJECT_VERSION = 1;
				DEVELOPMENT_ASSET_PATHS = "\"RickRollMyAppleDevice/Preview Content\"";
				DEVELOPMENT_TEAM = M5WVW3LAB8;
				ENABLE_HARDENED_RUNTIME = YES;
				ENABLE_PREVIEWS = YES;
				GENERATE_INFOPLIST_FILE = YES;
				INFOPLIST_FILE = RickRollMyAppleDevice/Info.plist;
				"INFOPLIST_KEY_UIApplicationSceneManifest_Generation[sdk=iphoneos*]" = YES;
				"INFOPLIST_KEY_UIApplicationSceneManifest_Generation[sdk=iphonesimulator*]" = YES;
				"INFOPLIST_KEY_UIApplicationSupportsIndirectInputEvents[sdk=iphoneos*]" = YES;
				"INFOPLIST_KEY_UIApplicationSupportsIndirectInputEvents[sdk=iphonesimulator*]" = YES;
				"INFOPLIST_KEY_UILaunchScreen_Generation[sdk=iphoneos*]" = YES;
				"INFOPLIST_KEY_UILaunchScreen_Generation[sdk=iphonesimulator*]" = YES;
				"INFOPLIST_KEY_UIStatusBarStyle[sdk=iphoneos*]" = UIStatusBarStyleDefault;
				"INFOPLIST_KEY_UIStatusBarStyle[sdk=iphonesimulator*]" = UIStatusBarStyleDefault;
				INFOPLIST_KEY_UISupportedInterfaceOrientations_iPad = "UIInterfaceOrientationPortrait UIInterfaceOrientationPortraitUpsideDown UIInterfaceOrientationLandscapeLeft UIInterfaceOrientationLandscapeRight";
				INFOPLIST_KEY_UISupportedInterfaceOrientations_iPhone = "UIInterfaceOrientationPortrait UIInterfaceOrientationLandscapeLeft UIInterfaceOrientationLandscapeRight";
				"INFOPLIST_KEY_UISupportsDocumentBrowser[sdk=iphoneos*]" = YES;
				"INFOPLIST_KEY_UISupportsDocumentBrowser[sdk=iphonesimulator*]" = YES;
				IPHONEOS_DEPLOYMENT_TARGET = 14.0;
				LD_RUNPATH_SEARCH_PATHS = "@executable_path/Frameworks";
				"LD_RUNPATH_SEARCH_PATHS[sdk=macosx*]" = "@executable_path/../Frameworks";
				MACOSX_DEPLOYMENT_TARGET = 11.0;
				MARKETING_VERSION = 1.0;
				PRODUCT_BUNDLE_IDENTIFIER = com.gm4011.RickRollMyAppleDevice;
				PRODUCT_NAME = "$(TARGET_NAME)";
				SDKROOT = auto;
				SUPPORTED_PLATFORMS = "appletvos appletvsimulator iphoneos iphonesimulator macosx";
				SUPPORTS_MACCATALYST = NO;
				SUPPORTS_MAC_DESIGNED_FOR_IPHONE_IPAD = NO;
				SWIFT_EMIT_LOC_STRINGS = YES;
				SWIFT_VERSION = 5.0;
				TARGETED_DEVICE_FAMILY = "1,2,3";
				TVOS_DEPLOYMENT_TARGET = 14.0;
			};
			name = Release;
		};
		DBD1DADD29907E2300DEF765 /* Debug */ = {
			isa = XCBuildConfiguration;
			buildSettings = {
				ALWAYS_EMBED_SWIFT_STANDARD_LIBRARIES = YES;
				BUNDLE_LOADER = "$(TEST_HOST)";
				CODE_SIGN_STYLE = Automatic;
				CURRENT_PROJECT_VERSION = 1;
				DEVELOPMENT_TEAM = M5WVW3LAB8;
				GENERATE_INFOPLIST_FILE = YES;
				IPHONEOS_DEPLOYMENT_TARGET = 16.2;
				MACOSX_DEPLOYMENT_TARGET = 12.6;
				MARKETING_VERSION = 1.0;
				PRODUCT_BUNDLE_IDENTIFIER = com.gm4011.RickRollMyAppleDeviceTests;
				PRODUCT_NAME = "$(TARGET_NAME)";
				SDKROOT = auto;
				SUPPORTED_PLATFORMS = "iphoneos iphonesimulator macosx";
				SWIFT_EMIT_LOC_STRINGS = NO;
				SWIFT_VERSION = 5.0;
				TARGETED_DEVICE_FAMILY = "1,2";
				TEST_HOST = "$(BUILT_PRODUCTS_DIR)/RickRollMyAppleDevice.app/$(BUNDLE_EXECUTABLE_FOLDER_PATH)/RickRollMyAppleDevice";
			};
			name = Debug;
		};
		DBD1DADE29907E2300DEF765 /* Release */ = {
			isa = XCBuildConfiguration;
			buildSettings = {
				ALWAYS_EMBED_SWIFT_STANDARD_LIBRARIES = YES;
				BUNDLE_LOADER = "$(TEST_HOST)";
				CODE_SIGN_STYLE = Automatic;
				CURRENT_PROJECT_VERSION = 1;
				DEVELOPMENT_TEAM = M5WVW3LAB8;
				GENERATE_INFOPLIST_FILE = YES;
				IPHONEOS_DEPLOYMENT_TARGET = 16.2;
				MACOSX_DEPLOYMENT_TARGET = 12.6;
				MARKETING_VERSION = 1.0;
				PRODUCT_BUNDLE_IDENTIFIER = com.gm4011.RickRollMyAppleDeviceTests;
				PRODUCT_NAME = "$(TARGET_NAME)";
				SDKROOT = auto;
				SUPPORTED_PLATFORMS = "iphoneos iphonesimulator macosx";
				SWIFT_EMIT_LOC_STRINGS = NO;
				SWIFT_VERSION = 5.0;
				TARGETED_DEVICE_FAMILY = "1,2";
				TEST_HOST = "$(BUILT_PRODUCTS_DIR)/RickRollMyAppleDevice.app/$(BUNDLE_EXECUTABLE_FOLDER_PATH)/RickRollMyAppleDevice";
			};
			name = Release;
		};
		DBD1DAE029907E2300DEF765 /* Debug */ = {
			isa = XCBuildConfiguration;
			buildSettings = {
				ALWAYS_EMBED_SWIFT_STANDARD_LIBRARIES = YES;
				CODE_SIGN_STYLE = Automatic;
				CURRENT_PROJECT_VERSION = 1;
				DEVELOPMENT_TEAM = M5WVW3LAB8;
				GENERATE_INFOPLIST_FILE = YES;
				IPHONEOS_DEPLOYMENT_TARGET = 16.2;
				MACOSX_DEPLOYMENT_TARGET = 12.6;
				MARKETING_VERSION = 1.0;
				PRODUCT_BUNDLE_IDENTIFIER = com.gm4011.RickRollMyAppleDeviceUITests;
				PRODUCT_NAME = "$(TARGET_NAME)";
				SDKROOT = auto;
				SUPPORTED_PLATFORMS = "iphoneos iphonesimulator macosx";
				SWIFT_EMIT_LOC_STRINGS = NO;
				SWIFT_VERSION = 5.0;
				TARGETED_DEVICE_FAMILY = "1,2";
				TEST_TARGET_NAME = RickRollMyAppleDevice;
			};
			name = Debug;
		};
		DBD1DAE129907E2300DEF765 /* Release */ = {
			isa = XCBuildConfiguration;
			buildSettings = {
				ALWAYS_EMBED_SWIFT_STANDARD_LIBRARIES = YES;
				CODE_SIGN_STYLE = Automatic;
				CURRENT_PROJECT_VERSION = 1;
				DEVELOPMENT_TEAM = M5WVW3LAB8;
				GENERATE_INFOPLIST_FILE = YES;
				IPHONEOS_DEPLOYMENT_TARGET = 16.2;
				MACOSX_DEPLOYMENT_TARGET = 12.6;
				MARKETING_VERSION = 1.0;
				PRODUCT_BUNDLE_IDENTIFIER = com.gm4011.RickRollMyAppleDeviceUITests;
				PRODUCT_NAME = "$(TARGET_NAME)";
				SDKROOT = auto;
				SUPPORTED_PLATFORMS = "iphoneos iphonesimulator macosx";
				SWIFT_EMIT_LOC_STRINGS = NO;
				SWIFT_VERSION = 5.0;
				TARGETED_DEVICE_FAMILY = "1,2";
				TEST_TARGET_NAME = RickRollMyAppleDevice;
			};
			name = Release;
		};
/* End XCBuildConfiguration section */

/* Begin XCConfigurationList section */
		DBD1DAAC29907E2100DEF765 /* Build configuration list for PBXProject "RickRollMyAppleDevice" */ = {
			isa = XCConfigurationList;
			buildConfigurations = (
				DBD1DAD729907E2300DEF765 /* Debug */,
				DBD1DAD829907E2300DEF765 /* Release */,
			);
			defaultConfigurationIsVisible = 0;
			defaultConfigurationName = Release;
		};
		DBD1DAD929907E2300DEF765 /* Build configuration list for PBXNativeTarget "RickRollMyAppleDevice" */ = {
			isa = XCConfigurationList;
			buildConfigurations = (
				DBD1DADA29907E2300DEF765 /* Debug */,
				DBD1DADB29907E2300DEF765 /* Release */,
			);
			defaultConfigurationIsVisible = 0;
			defaultConfigurationName = Release;
		};
		DBD1DADC29907E2300DEF765 /* Build configuration list for PBXNativeTarget "RickRollMyAppleDeviceTests" */ = {
			isa = XCConfigurationList;
			buildConfigurations = (
				DBD1DADD29907E2300DEF765 /* Debug */,
				DBD1DADE29907E2300DEF765 /* Release */,
			);
			defaultConfigurationIsVisible = 0;
			defaultConfigurationName = Release;
		};
		DBD1DADF29907E2300DEF765 /* Build configuration list for PBXNativeTarget "RickRollMyAppleDeviceUITests" */ = {
			isa = XCConfigurationList;
			buildConfigurations = (
				DBD1DAE029907E2300DEF765 /* Debug */,
				DBD1DAE129907E2300DEF765 /* Release */,
			);
			defaultConfigurationIsVisible = 0;
			defaultConfigurationName = Release;
		};
/* End XCConfigurationList section */
	};
	rootObject = DBD1DAA929907E2100DEF765 /* Project object */;
}
